<?xml version="1.0" encoding="utf-8"?>
<Project ToolsVersion="4.0" xmlns="http://schemas.microsoft.com/developer/msbuild/2003">
  <ItemGroup>
    <Filter Include="Source Files">
      <UniqueIdentifier>{7dc70ac3-931b-44de-97ab-6a20b522808c}</UniqueIdentifier>
      <Extensions>cpp;c;cxx;rc;def;r;odl;idl;hpj;bat</Extensions>
    </Filter>
    <Filter Include="Header Files">
      <UniqueIdentifier>{0b0fa883-4604-47df-bad4-e44588e0fac3}</UniqueIdentifier>
      <Extensions>h;hpp;hxx;hm;inl</Extensions>
    </Filter>
    <Filter Include="Resource Files">
      <UniqueIdentifier>{739e6a84-c0c3-4050-80b5-63af54050668}</UniqueIdentifier>
      <Extensions>ico;cur;bmp;dlg;rc2;rct;bin;rgs;gif;jpg;jpeg;jpe</Extensions>
    </Filter>
  </ItemGroup>
  <ItemGroup>
    <ClCompile Include="Avi.cpp">
      <Filter>Source Files</Filter>
    </ClCompile>
    <ClCompile Include="CamCtrl.cpp">
      <Filter>Source Files</Filter>
    </ClCompile>
    <ClCompile Include="Display.cpp">
      <Filter>Source Files</Filter>
    </ClCompile>
    <ClCompile Include="Imgproc.cpp">
      <Filter>Source Files</Filter>
    </ClCompile>
    <ClCompile Include="Mframedif.cpp">
      <Filter>Source Files</Filter>
    </ClCompile>
    <ClCompile Include="MOG.cpp">
      <Filter>Source Files</Filter>
    </ClCompile>
    <ClCompile Include="OBTracer.cpp">
      <Filter>Source Files</Filter>
    </ClCompile>
    <ClCompile Include="OBTracerDlg.cpp">
      <Filter>Source Files</Filter>
    </ClCompile>
    <ClCompile Include="StdAfx.cpp">
      <Filter>Source Files</Filter>
    </ClCompile>
    <ClCompile Include="Tracker.cpp">
      <Filter>Source Files</Filter>
    </ClCompile>
    <ClCompile Include="Labeling.cpp">
      <Filter>Source Files</Filter>
    </ClCompile>
  </ItemGroup>
  <ItemGroup>
    <ResourceCompile Include="OBTracer.rc">
      <Filter>Source Files</Filter>
    </ResourceCompile>
  </ItemGroup>
  <ItemGroup>
    <ClInclude Include="Avi.h">
      <Filter>Header Files</Filter>
    </ClInclude>
    <ClInclude Include="CamCtrl.h">
      <Filter>Header Files</Filter>
    </ClInclude>
    <ClInclude Include="Display.h">
      <Filter>Header Files</Filter>
    </ClInclude>
    <ClInclude Include="Imgproc.h">
      <Filter>Header Files</Filter>
    </ClInclude>
    <ClInclude Include="Mframedif.h">
      <Filter>Header Files</Filter>
    </ClInclude>
    <ClInclude Include="MOG.h">
      <Filter>Header Files</Filter>
    </ClInclude>
    <ClInclude Include="OBTracer.h">
      <Filter>Header Files</Filter>
    </ClInclude>
    <ClInclude Include="OBTracerDlg.h">
      <Filter>Header Files</Filter>
    </ClInclude>
    <ClInclude Include="Resource.h">
      <Filter>Header Files</Filter>
    </ClInclude>
    <ClInclude Include="StdAfx.h">
      <Filter>Header Files</Filter>
    </ClInclude>
    <ClInclude Include="Tracker.h">
      <Filter>Header Files</Filter>
    </ClInclude>
    <ClInclude Include="Labeling.h">
      <Filter>Header Files</Filter>
    </ClInclude>
  </ItemGroup>
  <ItemGroup>
    <CustomBuild Include="res\cursor1.cur">
      <Filter>Resource Files</Filter>
    </CustomBuild>
    <CustomBuild Include="res\OBTracer.ico">
      <Filter>Resource Files</Filter>
    </CustomBuild>
    <CustomBuild Include="res\OBTracer.rc2">
      <Filter>Resource Files</Filter>
    </CustomBuild>
    <CustomBuild Include="ReadMe.txt" />
  </ItemGroup>
</Project>